#MicroXplorer Configuration settings - do not modify
Dma.LPUART1_TX.1.Direction=DMA_MEMORY_TO_PERIPH
Dma.LPUART1_TX.1.EventEnable=DISABLE
Dma.LPUART1_TX.1.Instance=DMA1_Channel2
Dma.LPUART1_TX.1.MemDataAlignment=DMA_MDATAALIGN_BYTE
Dma.LPUART1_TX.1.MemInc=DMA_MINC_ENABLE
Dma.LPUART1_TX.1.Mode=DMA_NORMAL
Dma.LPUART1_TX.1.PeriphDataAlignment=DMA_PDATAALIGN_BYTE
Dma.LPUART1_TX.1.PeriphInc=DMA_PINC_DISABLE
Dma.LPUART1_TX.1.Polarity=HAL_DMAMUX_REQ_GEN_RISING
Dma.LPUART1_TX.1.Priority=DMA_PRIORITY_LOW
Dma.LPUART1_TX.1.RequestNumber=1
Dma.LPUART1_TX.1.RequestParameters=Instance,Direction,PeriphInc,MemInc,PeriphDataAlignment,MemDataAlignment,Mode,Priority,SignalID,Polarity,RequestNumber,SyncSignalID,SyncPolarity,SyncEnable,EventEnable,SyncRequestNumber
Dma.LPUART1_TX.1.SignalID=NONE
Dma.LPUART1_TX.1.SyncEnable=DISABLE
Dma.LPUART1_TX.1.SyncPolarity=HAL_DMAMUX_SYNC_NO_EVENT
Dma.LPUART1_TX.1.SyncRequestNumber=1
Dma.LPUART1_TX.1.SyncSignalID=NONE
Dma.Request0=USART1_TX
Dma.Request1=LPUART1_TX
Dma.RequestsNb=2
Dma.USART1_TX.0.Direction=DMA_MEMORY_TO_PERIPH
Dma.USART1_TX.0.EventEnable=DISABLE
Dma.USART1_TX.0.Instance=DMA2_Channel4
Dma.USART1_TX.0.MemDataAlignment=DMA_MDATAALIGN_BYTE
Dma.USART1_TX.0.MemInc=DMA_MINC_ENABLE
Dma.USART1_TX.0.Mode=DMA_NORMAL
Dma.USART1_TX.0.PeriphDataAlignment=DMA_PDATAALIGN_BYTE
Dma.USART1_TX.0.PeriphInc=DMA_PINC_DISABLE
Dma.USART1_TX.0.Polarity=HAL_DMAMUX_REQ_GEN_RISING
Dma.USART1_TX.0.Priority=DMA_PRIORITY_LOW
Dma.USART1_TX.0.RequestNumber=1
Dma.USART1_TX.0.RequestParameters=Instance,Direction,PeriphInc,MemInc,PeriphDataAlignment,MemDataAlignment,Mode,Priority,SignalID,Polarity,RequestNumber,SyncSignalID,SyncPolarity,SyncEnable,EventEnable,SyncRequestNumber
Dma.USART1_TX.0.SignalID=NONE
Dma.USART1_TX.0.SyncEnable=DISABLE
Dma.USART1_TX.0.SyncPolarity=HAL_DMAMUX_SYNC_NO_EVENT
Dma.USART1_TX.0.SyncRequestNumber=1
Dma.USART1_TX.0.SyncSignalID=NONE
File.Version=6
GPIO.groupedBy=Group By Peripherals
I2C3.IPParameters=Timing
I2C3.Timing=0x10707DBC
KeepUserPlacement=false
LPUART1.BaudRate=115200
LPUART1.IPParameters=BaudRate
Mcu.CPN=STM32WB5MMGH6TR
Mcu.Family=STM32WB
Mcu.IP0=CRC
Mcu.IP1=DMA
Mcu.IP10=RTC
Mcu.IP11=SEQUENCER
Mcu.IP12=STM32_WPAN
Mcu.IP13=SYS
Mcu.IP14=TINY_LPM
Mcu.IP15=USART1
Mcu.IP2=HSEM
Mcu.IP3=I2C3
Mcu.IP4=IPCC
Mcu.IP5=LPUART1
Mcu.IP6=NVIC
Mcu.IP7=RCC
Mcu.IP8=RF
Mcu.IP9=RNG
Mcu.IPNb=16
Mcu.Name=STM32WB5MMGHx
Mcu.Package=LGA86
Mcu.Pin0=PC0
Mcu.Pin1=PB7
Mcu.Pin10=PE1
Mcu.Pin11=PD2
Mcu.Pin12=VP_CRC_VS_CRC
Mcu.Pin13=VP_HSEM_VS_HSEM
Mcu.Pin14=VP_IPCC_VS_IPCC
Mcu.Pin15=VP_RCC_V_OSC_IN
Mcu.Pin16=VP_RCC_V_OSC32_IN
Mcu.Pin17=VP_RF_VS_RF
Mcu.Pin18=VP_RNG_VS_RNG
Mcu.Pin19=VP_RTC_VS_RTC_Activate
Mcu.Pin2=PB5
Mcu.Pin20=VP_RTC_VS_RTC_WakeUp_intern
Mcu.Pin21=VP_SEQUENCER_VS_SEQUENCER
Mcu.Pin22=VP_STM32_WPAN_VS_BLE_HOST
Mcu.Pin23=VP_SYS_VS_Systick
Mcu.Pin24=VP_TINY_LPM_VS_TINY_LPM
Mcu.Pin25=VP_STMicroelectronics.X-CUBE-AI_VS_ArtificialOoIntelligenceJjXAaCUBEAaAI_7.1.0
Mcu.Pin26=VP_STMicroelectronics.X-CUBE-MEMS1_VS_BoardOoPartJjAccGyr_5.3.1_9.1.0
Mcu.Pin27=VP_STMicroelectronics.X-CUBE-MEMS1_VS_BoardOoPartJjTemp_1.1.1_9.1.0
Mcu.Pin3=PB3
Mcu.Pin4=PC12
Mcu.Pin5=PA13
Mcu.Pin6=PA14
Mcu.Pin7=PB13
Mcu.Pin8=PB6
Mcu.Pin9=PB11
Mcu.PinsNb=28
Mcu.ThirdParty0=STMicroelectronics.X-CUBE-AI.7.1.0
Mcu.ThirdParty1=STMicroelectronics.X-CUBE-MEMS1.9.1.0
Mcu.ThirdPartyNb=2
Mcu.UserConstants=
Mcu.UserName=STM32WB5MMGHx
MxCube.Version=6.5.0
MxDb.Version=DB.6.0.50
NVIC.BusFault_IRQn=true\:0\:0\:false\:false\:true\:false\:false\:true
NVIC.DMA1_Channel2_IRQn=true\:12\:0\:true\:false\:true\:false\:true\:true
NVIC.DMA2_Channel4_IRQn=true\:12\:0\:true\:false\:true\:false\:true\:true
NVIC.DebugMonitor_IRQn=true\:0\:0\:false\:false\:true\:false\:false\:true
NVIC.EXTI15_10_IRQn=true\:15\:0\:true\:false\:true\:true\:true\:true
NVIC.EXTI1_IRQn=true\:11\:0\:true\:false\:true\:true\:true\:true
NVIC.EXTI2_IRQn=true\:15\:0\:true\:false\:true\:true\:true\:true
NVIC.ForceEnableDMAVector=true
NVIC.HSEM_IRQn=true\:0\:0\:false\:false\:true\:false\:true\:true
NVIC.HardFault_IRQn=true\:0\:0\:false\:false\:true\:false\:false\:true
NVIC.I2C3_ER_IRQn=true\:15\:0\:true\:false\:true\:true\:true\:true
NVIC.IPCC_C1_RX_IRQn=true\:0\:0\:false\:false\:true\:true\:true\:true
NVIC.IPCC_C1_TX_IRQn=true\:0\:0\:false\:false\:true\:true\:true\:true
NVIC.LPUART1_IRQn=true\:14\:0\:true\:false\:true\:true\:true\:true
NVIC.MemoryManagement_IRQn=true\:0\:0\:false\:false\:true\:false\:false\:true
NVIC.NonMaskableInt_IRQn=true\:0\:0\:false\:false\:true\:false\:false\:true
NVIC.PendSV_IRQn=true\:0\:0\:false\:false\:true\:false\:false\:true
NVIC.PriorityGroup=NVIC_PRIORITYGROUP_4
NVIC.RTC_WKUP_IRQn=true\:5\:0\:true\:false\:true\:true\:true\:true
NVIC.SVCall_IRQn=true\:0\:0\:false\:false\:true\:false\:false\:true
NVIC.SysTick_IRQn=true\:15\:0\:true\:false\:true\:false\:true\:true
NVIC.USART1_IRQn=true\:14\:0\:true\:false\:true\:true\:true\:true
NVIC.UsageFault_IRQn=true\:0\:0\:false\:false\:true\:false\:false\:true
PA13.Mode=Trace_Asynchronous_SW
PA13.Signal=SYS_JTMS-SWDIO
PA14.Mode=Trace_Asynchronous_SW
PA14.Signal=SYS_JTCK-SWCLK
PB11.Locked=true
PB11.Mode=I2C
PB11.Signal=I2C3_SDA
PB13.Locked=true
PB13.Mode=I2C
PB13.Signal=I2C3_SCL
PB3.Mode=Trace_Asynchronous_SW
PB3.Signal=SYS_JTDO-SWO
PB5.Locked=true
PB5.Mode=Asynchronous
PB5.Signal=LPUART1_TX
PB6.Mode=Asynchronous
PB6.Signal=USART1_TX
PB7.Mode=Asynchronous
PB7.Signal=USART1_RX
PC0.Locked=true
PC0.Mode=Asynchronous
PC0.Signal=LPUART1_RX
PC12.GPIOParameters=GPIO_Label
PC12.GPIO_Label=B1
PC12.Locked=true
PC12.Signal=GPXTI12
PCC.Ble.ConnectionInterval=1000.0
PCC.Ble.DataLength=6
PCC.Ble.IsUsed=false
PCC.Ble.Mode=NOT_SELECTED
PCC.Ble.PowerLevel=Min
PCC.Zigbee.IsUsed=false
PCC.Zigbee.Mode=Sleepy End Device
PCC.Zigbee.Payload=15
PCC.Zigbee.PoolPeriodicity=480.0
PCC.Zigbee.PowerLevel=Min
PCC.Zigbee.RequestPeriodicity=1500.0
PD2.GPIOParameters=GPIO_Label
PD2.GPIO_Label=ISM_INT1
PD2.Locked=true
PD2.Signal=GPXTI2
PE1.GPIOParameters=GPIO_Label
PE1.GPIO_Label=TEMP_DRDY
PE1.Locked=true
PE1.Signal=GPXTI1
PinOutPanel.CurrentBGAView=Top
PinOutPanel.RotationAngle=0
ProjectManager.AskForMigrate=true
ProjectManager.BackupPrevious=false
ProjectManager.CompilerOptimize=6
ProjectManager.ComputerToolchain=false
ProjectManager.CoupleFile=false
ProjectManager.CustomerFirmwarePackage=
ProjectManager.DefaultFWLocation=true
ProjectManager.DeletePrevious=true
ProjectManager.DeviceId=STM32WB5MMGHx
ProjectManager.Example=BLE_p2pServer
ProjectManager.ExampleSource=CubeFw
ProjectManager.FirmwarePackage=STM32Cube FW_WB V1.13.3
ProjectManager.FreePins=false
ProjectManager.HalAssertFull=false
ProjectManager.HeapSize=0x1000
ProjectManager.KeepUserCode=true
ProjectManager.LastFirmware=false
ProjectManager.LibraryCopy=1
ProjectManager.MainLocation=Core/Src
ProjectManager.NoMain=false
ProjectManager.PreviousToolchain=
ProjectManager.ProjectBuild=false
ProjectManager.ProjectFileName=BLE_AI_MotionSense.ioc
ProjectManager.ProjectName=BLE_AI_MotionSense
ProjectManager.RegisterCallBack=
ProjectManager.StackSize=0x1000
ProjectManager.TargetToolchain=STM32CubeIDE
ProjectManager.ToolChainLocation=
ProjectManager.UnderRoot=false
ProjectManager.functionlistsort=1-MX_GPIO_Init-GPIO-false-HAL-true,2-SystemClock_Config-RCC-false-HAL-false,3-MX_RF_Init-RF-false-HAL-true,4-MX_RTC_Init-RTC-false-HAL-true,5-MX_USART1_UART_Init-USART1-true-HAL-false,6-MX_DMA_Init-DMA-false-HAL-true,7-MX_RNG_Init-RNG-false-HAL-true,8-MX_IPCC_Init-IPCC-false-HAL-true,9-MX_LPUART1_UART_Init-LPUART1-true-HAL-false,10-MX_CRC_Init-CRC-false-HAL-true,11-APPE_Init-STM32_WPAN-false-HAL-false,0-MX_HSEM_Init-HSEM-false-HAL-true
RCC.ADCFreq_Value=64000000
RCC.AHB2CLKDivider=RCC_SYSCLK_DIV2
RCC.AHBFreq_Value=64000000
RCC.APB1Freq_Value=64000000
RCC.APB1TimFreq_Value=64000000
RCC.APB2Freq_Value=64000000
RCC.APB2TimFreq_Value=64000000
RCC.APB3Freq_Value=16000000
RCC.CK48CLockSelection=RCC_USBCLKSOURCE_PLL
RCC.Cortex2Freq_Value=32000000
RCC.CortexFreq_Value=64000000
RCC.FCLK2Freq_Value=32000000
RCC.FCLKCortexFreq_Value=64000000
RCC.FamilyName=M
RCC.HCLK2Freq_Value=32000000
RCC.HCLK3Freq_Value=64000000
RCC.HCLKFreq_Value=64000000
RCC.HCLKRFFreq_Value=16000000
RCC.HSE_VALUE=32000000
RCC.HSI48_VALUE=48000000
RCC.HSI_VALUE=16000000
RCC.I2C1Freq_Value=64000000
RCC.I2C3Freq_Value=64000000
RCC.IPParameters=ADCFreq_Value,AHB2CLKDivider,AHBFreq_Value,APB1Freq_Value,APB1TimFreq_Value,APB2Freq_Value,APB2TimFreq_Value,APB3Freq_Value,CK48CLockSelection,Cortex2Freq_Value,CortexFreq_Value,FCLK2Freq_Value,FCLKCortexFreq_Value,FamilyName,HCLK2Freq_Value,HCLK3Freq_Value,HCLKFreq_Value,HCLKRFFreq_Value,HSE_VALUE,HSI48_VALUE,HSI_VALUE,I2C1Freq_Value,I2C3Freq_Value,LCDFreq_Value,LPTIM1Freq_Value,LPTIM2Freq_Value,LPUART1CLockSelection,LPUART1Freq_Value,LSCOPinFreq_Value,LSI_VALUE,MCO1PinFreq_Value,PLLM,PLLN,PLLPoutputFreq_Value,PLLQ,PLLQoutputFreq_Value,PLLR,PLLRCLKFreq_Value,PLLSAI1PoutputFreq_Value,PLLSAI1QoutputFreq_Value,PLLSAI1RoutputFreq_Value,PLLSourceVirtual,PWRFreq_Value,RFWKPClockSelection,RFWKPFreq_Value,RNGCLockSelection,RNGFreq_Value,RTCClockSelection,RTCFreq_Value,SAI1Freq_Value,SMPS1Freq_Value,SMPSCLockSelectionVirtual,SMPSDivider,SMPSFreq_Value,SYSCLKFreq_VALUE,SYSCLKSource,USART1CLockSelection,USART1Freq_Value,USBFreq_Value,VCOInputFreq_Value,VCOOutputFreq_Value,VCOSAI1OutputFreq_Value
RCC.LCDFreq_Value=32768
RCC.LPTIM1Freq_Value=64000000
RCC.LPTIM2Freq_Value=64000000
RCC.LPUART1CLockSelection=RCC_LPUART1CLKSOURCE_SYSCLK
RCC.LPUART1Freq_Value=64000000
RCC.LSCOPinFreq_Value=32000
RCC.LSI_VALUE=32000
RCC.MCO1PinFreq_Value=64000000
RCC.PLLM=RCC_PLLM_DIV2
RCC.PLLN=12
RCC.PLLPoutputFreq_Value=96000000
RCC.PLLQ=RCC_PLLQ_DIV4
RCC.PLLQoutputFreq_Value=48000000
RCC.PLLR=RCC_PLLR_DIV3
RCC.PLLRCLKFreq_Value=64000000
RCC.PLLSAI1PoutputFreq_Value=64000000
RCC.PLLSAI1QoutputFreq_Value=64000000
RCC.PLLSAI1RoutputFreq_Value=64000000
RCC.PLLSourceVirtual=RCC_PLLSOURCE_HSE
RCC.PWRFreq_Value=64000000
RCC.RFWKPClockSelection=RCC_RFWKPCLKSOURCE_LSE
RCC.RFWKPFreq_Value=32768
RCC.RNGCLockSelection=RCC_RNGCLKSOURCE_CLK48
RCC.RNGFreq_Value=16000000
RCC.RTCClockSelection=RCC_RTCCLKSOURCE_LSE
RCC.RTCFreq_Value=32768
RCC.SAI1Freq_Value=64000000
RCC.SMPS1Freq_Value=8000000
RCC.SMPSCLockSelectionVirtual=RCC_SMPSCLKSOURCE_HSE
RCC.SMPSDivider=4
RCC.SMPSFreq_Value=4000000
RCC.SYSCLKFreq_VALUE=64000000
RCC.SYSCLKSource=RCC_SYSCLKSOURCE_PLLCLK
RCC.USART1CLockSelection=RCC_USART1CLKSOURCE_SYSCLK
RCC.USART1Freq_Value=64000000
RCC.USBFreq_Value=48000000
RCC.VCOInputFreq_Value=16000000
RCC.VCOOutputFreq_Value=192000000
RCC.VCOSAI1OutputFreq_Value=128000000
RTC.IPParameters=WakeUpCounter-WakeUp
RTC.WakeUpCounter-WakeUp=0xFFFF
SH.GPXTI1.0=GPIO_EXTI1
SH.GPXTI1.ConfNb=1
SH.GPXTI12.0=GPIO_EXTI12
SH.GPXTI12.ConfNb=1
SH.GPXTI2.0=GPIO_EXTI2
SH.GPXTI2.ConfNb=1
STM32_WPAN.AD_TYPE_COMPLETE_LOCAL_NAME=AI-Motion
STM32_WPAN.AD_TYPE_COMPLETE_LOCAL_NAME_LENGTH=10
STM32_WPAN.AD_TYPE_MANUFACTURER_DATA_10=EF
STM32_WPAN.AD_TYPE_MANUFACTURER_DATA_2=00
STM32_WPAN.AD_TYPE_MANUFACTURER_DATA_3=00
STM32_WPAN.AD_TYPE_MANUFACTURER_DATA_4=10
STM32_WPAN.AD_TYPE_MANUFACTURER_DATA_5=08
STM32_WPAN.AD_TYPE_MANUFACTURER_DATA_6=DE
STM32_WPAN.AD_TYPE_MANUFACTURER_DATA_7=EE
STM32_WPAN.AD_TYPE_MANUFACTURER_DATA_8=AD
STM32_WPAN.AD_TYPE_MANUFACTURER_DATA_9=BE
STM32_WPAN.AD_TYPE_MANUFACTURER_DATA_COMMENT_1=No feature for BlueST SDK 31-24
STM32_WPAN.AD_TYPE_MANUFACTURER_DATA_COMMENT_2=No feature for BlueST SDK 23-16
STM32_WPAN.AD_TYPE_MANUFACTURER_DATA_COMMENT_3=No feature for BlueST SDK 15-08
STM32_WPAN.AD_TYPE_MANUFACTURER_DATA_COMMENT_4=Feature\: Motion intensity, Activity, Carry Position, MemsGesture, Pedometer
STM32_WPAN.AD_TYPE_MANUFACTURER_DATA_COMMENT_5=Arbitrary BLE address
STM32_WPAN.AD_TYPE_MANUFACTURER_DATA_NBR=10
STM32_WPAN.AD_TYPE_MANUFACTURER_SPECIFIC_DATA_COMPANY_IDENTIFIER=01,83
STM32_WPAN.CFG_DEBUG_APP_TRACE=1
STM32_WPAN.CFG_DEBUG_BLE_TRACE=1
STM32_WPAN.CFG_DEBUG_TRACE_FULL=1
STM32_WPAN.CFG_DEBUG_TRACE_LIGHT=1
STM32_WPAN.CFG_DEBUG_TRACE_UART=hw_uart1
STM32_WPAN.CFG_GAP_DEVICE_NAME=WB-AI-Motion
STM32_WPAN.CFG_GAP_DEVICE_NAME_LENGTH=12
STM32_WPAN.CFG_HW_USART1_DMA_TX_SUPPORTED=1
STM32_WPAN.CFG_HW_USART1_ENABLED=1
STM32_WPAN.CFG_USE_SMPS=1
STM32_WPAN.CUSTOM_P2P_SERVER=Disabled
STM32_WPAN.CUSTOM_TEMPLATE=Enabled
STM32_WPAN.GAP_PERIPHERAL_ROLE=1
STM32_WPAN.INCLUDE_AD_TYPE_COMPLETE_LOCAL_NAME=1
STM32_WPAN.INCLUDE_AD_TYPE_MANUFACTURER_SPECIFIC_DATA=1
STM32_WPAN.INCLUDE_AD_TYPE_TX_POWER_LEVEL=0
STM32_WPAN.IPParameters=LOCAL_NAME,LOCAL_NAME_FORMATTED,CFG_HW_USART1_ENABLED,CFG_HW_USART1_DMA_TX_SUPPORTED,CFG_USE_SMPS,CFG_DEBUG_TRACE_UART,CFG_DEBUG_BLE_TRACE,CFG_DEBUG_APP_TRACE,CFG_DEBUG_TRACE_FULL,CUSTOM_P2P_SERVER,CUSTOM_TEMPLATE,GAP_PERIPHERAL_ROLE,CFG_GAP_DEVICE_NAME,CFG_GAP_DEVICE_NAME_LENGTH,INCLUDE_AD_TYPE_TX_POWER_LEVEL,INCLUDE_AD_TYPE_COMPLETE_LOCAL_NAME,AD_TYPE_COMPLETE_LOCAL_NAME,AD_TYPE_COMPLETE_LOCAL_NAME_LENGTH,INCLUDE_AD_TYPE_MANUFACTURER_SPECIFIC_DATA,AD_TYPE_MANUFACTURER_SPECIFIC_DATA_COMPANY_IDENTIFIER,AD_TYPE_MANUFACTURER_DATA_NBR,AD_TYPE_MANUFACTURER_DATA_COMMENT_1,AD_TYPE_MANUFACTURER_DATA_2,AD_TYPE_MANUFACTURER_DATA_COMMENT_2,AD_TYPE_MANUFACTURER_DATA_COMMENT_3,AD_TYPE_MANUFACTURER_DATA_COMMENT_4,AD_TYPE_MANUFACTURER_DATA_COMMENT_5,AD_TYPE_MANUFACTURER_DATA_5,AD_TYPE_MANUFACTURER_DATA_6,AD_TYPE_MANUFACTURER_DATA_7,AD_TYPE_MANUFACTURER_DATA_8,AD_TYPE_MANUFACTURER_DATA_9,AD_TYPE_MANUFACTURER_DATA_10,NUMBER_OF_SERVICES,SERVICE1_LONG_NAME,SERVICE1_SHORT_NAME,SERVICE2_LONG_NAME,SERVICE2_SHORT_NAME,SERVICE1_NUMBER_OF_CHARACTERISTICS,SERVICE1_UUID_128_INPUT_TYPE,SERVICE1_UUID,SERVICE1_CHAR3_LONG_NAME,SERVICE1_CHAR3_SHORT_NAME,SERVICE1_CHAR3_UUID_128_INPUT_TYPE,SERVICE1_CHAR3_UUID,SERVICE1_CHAR3_VALUE_LENGTH,SERVICE1_CHAR1_LONG_NAME,SERVICE1_CHAR1_SHORT_NAME,SERVICE1_CHAR1_UUID_128_INPUT_TYPE,SERVICE1_CHAR1_UUID,SERVICE1_CHAR1_VALUE_LENGTH,SERVICE1_CHAR2_LONG_NAME,SERVICE1_CHAR2_SHORT_NAME,SERVICE2_UUID_128_INPUT_TYPE,SERVICE2_CHAR1_UUID_128_INPUT_TYPE,SERVICE2_CHAR1_UUID,SERVICE2_CHAR1_LONG_NAME,SERVICE2_CHAR1_SHORT_NAME,SERVICE2_UUID,SERVICE2_NUMBER_OF_CHARACTERISTICS,SERVICE2_CHAR2_UUID_128_INPUT_TYPE,SERVICE2_CHAR2_UUID,SERVICE2_CHAR2_LONG_NAME,SERVICE2_CHAR2_SHORT_NAME,SERVICE2_CHAR3_UUID_128_INPUT_TYPE,SERVICE2_CHAR3_UUID,SERVICE2_CHAR3_LONG_NAME,SERVICE2_CHAR3_SHORT_NAME,SERVICE1_CHAR1_PROP_NOTIFY,SERVICE1_CHAR1_GATT_NOTIFY_WRITE_REQ_AND_WAIT_FOR_APPL_RESP,SERVICE1_CHAR1_GATT_NOTIFY_ATTRIBUTE_WRITE,SERVICE1_CHAR2_UUID_128_INPUT_TYPE,SERVICE1_CHAR2_UUID,SERVICE1_CHAR2_VALUE_LENGTH,SERVICE1_CHAR2_PROP_READ,SERVICE1_CHAR2_PROP_NOTIFY,SERVICE1_CHAR2_GATT_NOTIFY_ATTRIBUTE_WRITE,SERVICE1_CHAR2_GATT_NOTIFY_WRITE_REQ_AND_WAIT_FOR_APPL_RESP,SERVICE1_CHAR3_PROP_READ,SERVICE1_CHAR3_PROP_NOTIFY,SERVICE1_CHAR3_GATT_NOTIFY_READ_REQ_AND_WAIT_FOR_APPL_RESP,SERVICE2_CHAR1_VALUE_LENGTH,SERVICE2_CHAR1_PROP_NOTIFY,SERVICE2_CHAR1_GATT_NOTIFY_WRITE_REQ_AND_WAIT_FOR_APPL_RESP,SERVICE2_CHAR1_GATT_NOTIFY_ATTRIBUTE_WRITE,SERVICE2_CHAR2_VALUE_LENGTH,SERVICE2_CHAR2_PROP_NOTIFY,SERVICE2_CHAR2_GATT_NOTIFY_ATTRIBUTE_WRITE,SERVICE2_CHAR2_GATT_NOTIFY_WRITE_REQ_AND_WAIT_FOR_APPL_RESP,SERVICE2_CHAR3_VALUE_LENGTH,SERVICE2_CHAR3_GATT_NOTIFY_ATTRIBUTE_WRITE,SERVICE2_CHAR3_GATT_NOTIFY_WRITE_REQ_AND_WAIT_FOR_APPL_RESP,SERVICE2_CHAR3_PROP_NOTIFY,SERVICE2_CHAR3_PROP_READ,AD_TYPE_MANUFACTURER_DATA_3,AD_TYPE_MANUFACTURER_DATA_4,CFG_DEBUG_TRACE_LIGHT
STM32_WPAN.LOCAL_NAME=P2P-AI
STM32_WPAN.LOCAL_NAME_FORMATTED=,'P','2','P','-','A','I'
STM32_WPAN.NUMBER_OF_SERVICES=2
STM32_WPAN.SERVICE1_CHAR1_GATT_NOTIFY_ATTRIBUTE_WRITE=\ 
STM32_WPAN.SERVICE1_CHAR1_GATT_NOTIFY_WRITE_REQ_AND_WAIT_FOR_APPL_RESP=\ 
STM32_WPAN.SERVICE1_CHAR1_LONG_NAME=HWMotionChar
STM32_WPAN.SERVICE1_CHAR1_PROP_NOTIFY=CHAR_PROP_NOTIFY
STM32_WPAN.SERVICE1_CHAR1_SHORT_NAME=hw_motion_char
STM32_WPAN.SERVICE1_CHAR1_UUID=00 E0 00 00 00 01 11 E1 AC 36 00 02 A5 D5 C5 1B
STM32_WPAN.SERVICE1_CHAR1_UUID_128_INPUT_TYPE=1
STM32_WPAN.SERVICE1_CHAR1_VALUE_LENGTH=20
STM32_WPAN.SERVICE1_CHAR2_GATT_NOTIFY_ATTRIBUTE_WRITE=\ 
STM32_WPAN.SERVICE1_CHAR2_GATT_NOTIFY_WRITE_REQ_AND_WAIT_FOR_APPL_RESP=\ 
STM32_WPAN.SERVICE1_CHAR2_LONG_NAME=HWEnvChar
STM32_WPAN.SERVICE1_CHAR2_PROP_NOTIFY=CHAR_PROP_NOTIFY
STM32_WPAN.SERVICE1_CHAR2_PROP_READ=CHAR_PROP_READ
STM32_WPAN.SERVICE1_CHAR2_SHORT_NAME=hw_env_char
STM32_WPAN.SERVICE1_CHAR2_UUID=00 1D 00 00 00 01 11 E1 AC 36 00 02 A5 D5 C5 1B
STM32_WPAN.SERVICE1_CHAR2_UUID_128_INPUT_TYPE=1
STM32_WPAN.SERVICE1_CHAR2_VALUE_LENGTH=12
STM32_WPAN.SERVICE1_CHAR3_GATT_NOTIFY_READ_REQ_AND_WAIT_FOR_APPL_RESP=\ 
STM32_WPAN.SERVICE1_CHAR3_LONG_NAME=HwAccEventChar
STM32_WPAN.SERVICE1_CHAR3_PROP_NOTIFY=CHAR_PROP_NOTIFY
STM32_WPAN.SERVICE1_CHAR3_PROP_READ=CHAR_PROP_READ
STM32_WPAN.SERVICE1_CHAR3_SHORT_NAME=hw_acc_event_char
STM32_WPAN.SERVICE1_CHAR3_UUID=00 00 04 00 00 01 11 E1 AC 36 00 02 A5 D5 C5 1B
STM32_WPAN.SERVICE1_CHAR3_UUID_128_INPUT_TYPE=1
STM32_WPAN.SERVICE1_CHAR3_VALUE_LENGTH=5
STM32_WPAN.SERVICE1_LONG_NAME=HardwareService
STM32_WPAN.SERVICE1_NUMBER_OF_CHARACTERISTICS=3
STM32_WPAN.SERVICE1_SHORT_NAME=hw_service
STM32_WPAN.SERVICE1_UUID=00 00 00 00 00 01 11 E1 9A B4 00 02 A5 D5 C5 1B
STM32_WPAN.SERVICE1_UUID_128_INPUT_TYPE=1
STM32_WPAN.SERVICE2_CHAR1_GATT_NOTIFY_ATTRIBUTE_WRITE=\ 
STM32_WPAN.SERVICE2_CHAR1_GATT_NOTIFY_WRITE_REQ_AND_WAIT_FOR_APPL_RESP=\ 
STM32_WPAN.SERVICE2_CHAR1_LONG_NAME=SWQuaternions
STM32_WPAN.SERVICE2_CHAR1_PROP_NOTIFY=CHAR_PROP_NOTIFY
STM32_WPAN.SERVICE2_CHAR1_SHORT_NAME=sw_quaternions
STM32_WPAN.SERVICE2_CHAR1_UUID=00 00 01 00 00 01 11 E1 AC 36 00 02 A5 D5 C5 1B
STM32_WPAN.SERVICE2_CHAR1_UUID_128_INPUT_TYPE=1
STM32_WPAN.SERVICE2_CHAR1_VALUE_LENGTH=20
STM32_WPAN.SERVICE2_CHAR2_GATT_NOTIFY_ATTRIBUTE_WRITE=\ 
STM32_WPAN.SERVICE2_CHAR2_GATT_NOTIFY_WRITE_REQ_AND_WAIT_FOR_APPL_RESP=\ 
STM32_WPAN.SERVICE2_CHAR2_LONG_NAME=SWEcompass
STM32_WPAN.SERVICE2_CHAR2_PROP_NOTIFY=CHAR_PROP_NOTIFY
STM32_WPAN.SERVICE2_CHAR2_SHORT_NAME=sw_ecompass
STM32_WPAN.SERVICE2_CHAR2_UUID=00 00 00 40 00 01 11 E1 AC 36 00 02 A5 D5 C5 1B
STM32_WPAN.SERVICE2_CHAR2_UUID_128_INPUT_TYPE=1
STM32_WPAN.SERVICE2_CHAR2_VALUE_LENGTH=4
STM32_WPAN.SERVICE2_CHAR3_GATT_NOTIFY_ATTRIBUTE_WRITE=\ 
STM32_WPAN.SERVICE2_CHAR3_GATT_NOTIFY_WRITE_REQ_AND_WAIT_FOR_APPL_RESP=\ 
STM32_WPAN.SERVICE2_CHAR3_LONG_NAME=SwActivityRecognition
STM32_WPAN.SERVICE2_CHAR3_PROP_NOTIFY=CHAR_PROP_NOTIFY
STM32_WPAN.SERVICE2_CHAR3_PROP_READ=CHAR_PROP_READ
STM32_WPAN.SERVICE2_CHAR3_SHORT_NAME=sw_activity_rec
STM32_WPAN.SERVICE2_CHAR3_UUID=00 00 00 10 00 01 11 E1 AC 36 00 02 A5 D5 C5 1B
STM32_WPAN.SERVICE2_CHAR3_UUID_128_INPUT_TYPE=1
STM32_WPAN.SERVICE2_CHAR3_VALUE_LENGTH=3
STM32_WPAN.SERVICE2_LONG_NAME=SoftwareService
STM32_WPAN.SERVICE2_NUMBER_OF_CHARACTERISTICS=3
STM32_WPAN.SERVICE2_SHORT_NAME=sw_service
STM32_WPAN.SERVICE2_UUID=00 00 00 00 00 02 11 E1 9A B4 00 02 A5 D5 C5 1B
STM32_WPAN.SERVICE2_UUID_128_INPUT_TYPE=1
STMicroelectronics.X-CUBE-AI.7.1.0.ActivationBufferSizeList=1924
STMicroelectronics.X-CUBE-AI.7.1.0.ActivationBuffers=pool0
STMicroelectronics.X-CUBE-AI.7.1.0.ActivationNames=pool0
STMicroelectronics.X-CUBE-AI.7.1.0.ActivationSizes=AI_NETWORK_DATA_ACTIVATION_1_SIZE
STMicroelectronics.X-CUBE-AI.7.1.0.ArtificialOoIntelligenceJjXAaCUBEAaAI_Checked=true
STMicroelectronics.X-CUBE-AI.7.1.0.HeapSize=0x1000
STMicroelectronics.X-CUBE-AI.7.1.0.IPParameters=HeapSize,StackSize,ModelName-eb87379cf13063d5ae4a5753ed4ed899fe7a35b315c22dca7bcd4b1411a67c48,ModelType-eb87379cf13063d5ae4a5753ed4ed899fe7a35b315c22dca7bcd4b1411a67c48,ModelKind-eb87379cf13063d5ae4a5753ed4ed899fe7a35b315c22dca7bcd4b1411a67c48,ModelHashList,ModelNameList,WorkingBufferStartAddrList,ModelActualCompression-eb87379cf13063d5ae4a5753ed4ed899fe7a35b315c22dca7bcd4b1411a67c48,ModelCompression-eb87379cf13063d5ae4a5753ed4ed899fe7a35b315c22dca7bcd4b1411a67c48,ModelFlashOccupation-eb87379cf13063d5ae4a5753ed4ed899fe7a35b315c22dca7bcd4b1411a67c48,ModelMacc-eb87379cf13063d5ae4a5753ed4ed899fe7a35b315c22dca7bcd4b1411a67c48,ModelRamOccupation-eb87379cf13063d5ae4a5753ed4ed899fe7a35b315c22dca7bcd4b1411a67c48,ReadyForCodeGeneration,LatestDirectoryUsed-eb87379cf13063d5ae4a5753ed4ed899fe7a35b315c22dca7bcd4b1411a67c48,ActivationBuffers,ActivationSizes,ActivationNames,InternalRamActivationBufferMaxSize,ActivationBufferSizeList,MaximumNumberOfInputLayer,MaximumNumberOfOutputLayer,MaximumSizeOfInputLayer,MaximumSizeOfOutputLayer,ModelStructureFile-eb87379cf13063d5ae4a5753ed4ed899fe7a35b315c22dca7bcd4b1411a67c48,XAaCUBEAaAICcArtificialOoIntelligenceJjCore
STMicroelectronics.X-CUBE-AI.7.1.0.InternalRamActivationBufferMaxSize=AI_NETWORK_DATA_ACTIVATIONS_SIZE
STMicroelectronics.X-CUBE-AI.7.1.0.LatestDirectoryUsed-eb87379cf13063d5ae4a5753ed4ed899fe7a35b315c22dca7bcd4b1411a67c48=C\:\\MyGitHub\\BLE_AI_MotionSense
STMicroelectronics.X-CUBE-AI.7.1.0.MaximumNumberOfInputLayer=1
STMicroelectronics.X-CUBE-AI.7.1.0.MaximumNumberOfOutputLayer=1
STMicroelectronics.X-CUBE-AI.7.1.0.MaximumSizeOfInputLayer=AI_NETWORK_IN_1_SIZE_BYTES
STMicroelectronics.X-CUBE-AI.7.1.0.MaximumSizeOfOutputLayer=AI_NETWORK_OUT_1_SIZE_BYTES
STMicroelectronics.X-CUBE-AI.7.1.0.ModelActualCompression-eb87379cf13063d5ae4a5753ed4ed899fe7a35b315c22dca7bcd4b1411a67c48=0.0
STMicroelectronics.X-CUBE-AI.7.1.0.ModelCompression-eb87379cf13063d5ae4a5753ed4ed899fe7a35b315c22dca7bcd4b1411a67c48=1
STMicroelectronics.X-CUBE-AI.7.1.0.ModelFlashOccupation-eb87379cf13063d5ae4a5753ed4ed899fe7a35b315c22dca7bcd4b1411a67c48=48300
STMicroelectronics.X-CUBE-AI.7.1.0.ModelHashList=eb87379cf13063d5ae4a5753ed4ed899fe7a35b315c22dca7bcd4b1411a67c48
STMicroelectronics.X-CUBE-AI.7.1.0.ModelKind-eb87379cf13063d5ae4a5753ed4ed899fe7a35b315c22dca7bcd4b1411a67c48=KERAS
STMicroelectronics.X-CUBE-AI.7.1.0.ModelMacc-eb87379cf13063d5ae4a5753ed4ed899fe7a35b315c22dca7bcd4b1411a67c48=24120
STMicroelectronics.X-CUBE-AI.7.1.0.ModelName-eb87379cf13063d5ae4a5753ed4ed899fe7a35b315c22dca7bcd4b1411a67c48=network
STMicroelectronics.X-CUBE-AI.7.1.0.ModelNameList=network
STMicroelectronics.X-CUBE-AI.7.1.0.ModelRamOccupation-eb87379cf13063d5ae4a5753ed4ed899fe7a35b315c22dca7bcd4b1411a67c48=1924
STMicroelectronics.X-CUBE-AI.7.1.0.ModelStructureFile-eb87379cf13063d5ae4a5753ed4ed899fe7a35b315c22dca7bcd4b1411a67c48=model.h5
STMicroelectronics.X-CUBE-AI.7.1.0.ModelType-eb87379cf13063d5ae4a5753ed4ed899fe7a35b315c22dca7bcd4b1411a67c48=Saved model
STMicroelectronics.X-CUBE-AI.7.1.0.ReadyForCodeGeneration=true
STMicroelectronics.X-CUBE-AI.7.1.0.StackSize=0x1000
STMicroelectronics.X-CUBE-AI.7.1.0.WorkingBufferStartAddrList=0xFFFFFFFF
STMicroelectronics.X-CUBE-AI.7.1.0.XAaCUBEAaAICcArtificialOoIntelligenceJjCore=true
STMicroelectronics.X-CUBE-AI.7.1.0_SwParameter=XAaCUBEAaAICcArtificialOoIntelligenceJjCore\:true;
STMicroelectronics.X-CUBE-MEMS1.9.1.0.BSP.number=2
STMicroelectronics.X-CUBE-MEMS1.9.1.0.BoardOoPartJjAccGyrJjISM330DHCX=I2C
STMicroelectronics.X-CUBE-MEMS1.9.1.0.BoardOoPartJjAccGyr_Checked=true
STMicroelectronics.X-CUBE-MEMS1.9.1.0.BoardOoPartJjTempJjSTTS22H=I2C
STMicroelectronics.X-CUBE-MEMS1.9.1.0.BoardOoPartJjTemp_Checked=true
STMicroelectronics.X-CUBE-MEMS1.9.1.0.IPParameters=BoardOoPartJjAccGyrJjISM330DHCX,BoardOoPartJjTempJjSTTS22H
STMicroelectronics.X-CUBE-MEMS1.9.1.00.BSP.STBoard=false
STMicroelectronics.X-CUBE-MEMS1.9.1.00.BSP.api=BSP_BUS_DRIVER
STMicroelectronics.X-CUBE-MEMS1.9.1.00.BSP.component=
STMicroelectronics.X-CUBE-MEMS1.9.1.00.BSP.condition=SEMBoardOoPartJjAccGyrJjISM330DHCXJjI2C
STMicroelectronics.X-CUBE-MEMS1.9.1.00.BSP.i2caddr=0
STMicroelectronics.X-CUBE-MEMS1.9.1.00.BSP.i2creg=
STMicroelectronics.X-CUBE-MEMS1.9.1.00.BSP.instance=I2C3
STMicroelectronics.X-CUBE-MEMS1.9.1.00.BSP.ip=I2C
STMicroelectronics.X-CUBE-MEMS1.9.1.00.BSP.mode=I2C
STMicroelectronics.X-CUBE-MEMS1.9.1.00.BSP.name=ISM330DHCX BUS IO driver
STMicroelectronics.X-CUBE-MEMS1.9.1.00.BSP.semaphore=
STMicroelectronics.X-CUBE-MEMS1.9.1.00.BSP.solution=I2C3
STMicroelectronics.X-CUBE-MEMS1.9.1.01.BSP.STBoard=false
STMicroelectronics.X-CUBE-MEMS1.9.1.01.BSP.api=BSP_BUS_DRIVER
STMicroelectronics.X-CUBE-MEMS1.9.1.01.BSP.component=
STMicroelectronics.X-CUBE-MEMS1.9.1.01.BSP.condition=SEMBoardOoPartJjTempJjSTTS22HJjI2C
STMicroelectronics.X-CUBE-MEMS1.9.1.01.BSP.i2caddr=0
STMicroelectronics.X-CUBE-MEMS1.9.1.01.BSP.i2creg=
STMicroelectronics.X-CUBE-MEMS1.9.1.01.BSP.instance=I2C3
STMicroelectronics.X-CUBE-MEMS1.9.1.01.BSP.ip=I2C
STMicroelectronics.X-CUBE-MEMS1.9.1.01.BSP.mode=I2C
STMicroelectronics.X-CUBE-MEMS1.9.1.01.BSP.name=STTS22H BUS IO driver
STMicroelectronics.X-CUBE-MEMS1.9.1.01.BSP.semaphore=
STMicroelectronics.X-CUBE-MEMS1.9.1.01.BSP.solution=I2C3
STMicroelectronics.X-CUBE-MEMS1.9.1.0_SwParameter=BoardOoPartJjAccGyrJjISM330DHCX\:I2C;BoardOoPartJjTempJjSTTS22H\:I2C;
USART1.IPParameters=VirtualMode-Asynchronous
USART1.VirtualMode-Asynchronous=VM_ASYNC
VP_CRC_VS_CRC.Mode=CRC_Activate
VP_CRC_VS_CRC.Signal=CRC_VS_CRC
VP_HSEM_VS_HSEM.Mode=HSEM_Activate
VP_HSEM_VS_HSEM.Signal=HSEM_VS_HSEM
VP_IPCC_VS_IPCC.Mode=IPCC_Activate
VP_IPCC_VS_IPCC.Signal=IPCC_VS_IPCC
VP_RCC_V_OSC32_IN.Mode=LSE-External-Clock-Source
VP_RCC_V_OSC32_IN.Signal=RCC_V_OSC32_IN
VP_RCC_V_OSC_IN.Mode=HSE-External-Clock-Source
VP_RCC_V_OSC_IN.Signal=RCC_V_OSC_IN
VP_RF_VS_RF.Mode=RF_Activate
VP_RF_VS_RF.Signal=RF_VS_RF
VP_RNG_VS_RNG.Mode=RNG_Activate
VP_RNG_VS_RNG.Signal=RNG_VS_RNG
VP_RTC_VS_RTC_Activate.Mode=RTC_Enabled
VP_RTC_VS_RTC_Activate.Signal=RTC_VS_RTC_Activate
VP_RTC_VS_RTC_WakeUp_intern.Mode=WakeUp
VP_RTC_VS_RTC_WakeUp_intern.Signal=RTC_VS_RTC_WakeUp_intern
VP_SEQUENCER_VS_SEQUENCER.Mode=SEQUENCER_Enabled
VP_SEQUENCER_VS_SEQUENCER.Signal=SEQUENCER_VS_SEQUENCER
VP_STM32_WPAN_VS_BLE_HOST.Mode=STM32_WPAN_Enabled
VP_STM32_WPAN_VS_BLE_HOST.Signal=STM32_WPAN_VS_BLE_HOST
VP_STMicroelectronics.X-CUBE-AI_VS_ArtificialOoIntelligenceJjXAaCUBEAaAI_7.1.0.Mode=ArtificialOoIntelligenceJjXAaCUBEAaAI
VP_STMicroelectronics.X-CUBE-AI_VS_ArtificialOoIntelligenceJjXAaCUBEAaAI_7.1.0.Signal=STMicroelectronics.X-CUBE-AI_VS_ArtificialOoIntelligenceJjXAaCUBEAaAI_7.1.0
VP_STMicroelectronics.X-CUBE-MEMS1_VS_BoardOoPartJjAccGyr_5.3.1_9.1.0.Mode=BoardOoPartJjAccGyr
VP_STMicroelectronics.X-CUBE-MEMS1_VS_BoardOoPartJjAccGyr_5.3.1_9.1.0.Signal=STMicroelectronics.X-CUBE-MEMS1_VS_BoardOoPartJjAccGyr_5.3.1_9.1.0
VP_STMicroelectronics.X-CUBE-MEMS1_VS_BoardOoPartJjTemp_1.1.1_9.1.0.Mode=BoardOoPartJjTemp
VP_STMicroelectronics.X-CUBE-MEMS1_VS_BoardOoPartJjTemp_1.1.1_9.1.0.Signal=STMicroelectronics.X-CUBE-MEMS1_VS_BoardOoPartJjTemp_1.1.1_9.1.0
VP_SYS_VS_Systick.Mode=SysTick
VP_SYS_VS_Systick.Signal=SYS_VS_Systick
VP_TINY_LPM_VS_TINY_LPM.Mode=TINY_LPM_Enabled
VP_TINY_LPM_VS_TINY_LPM.Signal=TINY_LPM_VS_TINY_LPM
board=STM32WB5MM-DK
boardIOC=true
